
Microsoft Visual Studio Solution File, Format Version 12.00
# Visual Studio 2012
Project("{FAE04EC0-301F-11D3-BF4B-00C04F79EFBC}") = "SportsStore.Domain", "SportsStore.Domain\SportsStore.Domain.csproj", "{316019A5-9516-48A2-B39B-37FC3936695C}"
EndProject
Project("{FAE04EC0-301F-11D3-BF4B-00C04F79EFBC}") = "SportsStore.WebUI", "SportsStore.WebUI\SportsStore.WebUI.csproj", "{0CD8FB92-E343-461B-9BFC-A012394603AF}"
EndProject
Project("{FAE04EC0-301F-11D3-BF4B-00C04F79EFBC}") = "SportsStore.UnitTests", "SportsStore.UnitTests\SportsStore.UnitTests.csproj", "{B3F0CD80-2534-42CF-BCB7-259493B952D2}"
EndProject
Global
	GlobalSection(SolutionConfigurationPlatforms) = preSolution
		Debug|Any CPU = Debug|Any CPU
		Release|Any CPU = Release|Any CPU
	EndGlobalSection
	GlobalSection(ProjectConfigurationPlatforms) = postSolution
		{316019A5-9516-48A2-B39B-37FC3936695C}.Debug|Any CPU.ActiveCfg = Debug|Any CPU
		{316019A5-9516-48A2-B39B-37FC3936695C}.Debug|Any CPU.Build.0 = Debug|Any CPU
		{316019A5-9516-48A2-B39B-37FC3936695C}.Release|Any CPU.ActiveCfg = Release|Any CPU
		{316019A5-9516-48A2-B39B-37FC3936695C}.Release|Any CPU.Build.0 = Release|Any CPU
		{0CD8FB92-E343-461B-9BFC-A012394603AF}.Debug|Any CPU.ActiveCfg = Debug|Any CPU
		{0CD8FB92-E343-461B-9BFC-A012394603AF}.Debug|Any CPU.Build.0 = Debug|Any CPU
		{0CD8FB92-E343-461B-9BFC-A012394603AF}.Release|Any CPU.ActiveCfg = Release|Any CPU
		{0CD8FB92-E343-461B-9BFC-A012394603AF}.Release|Any CPU.Build.0 = Release|Any CPU
		{B3F0CD80-2534-42CF-BCB7-259493B952D2}.Debug|Any CPU.ActiveCfg = Debug|Any CPU
		{B3F0CD80-2534-42CF-BCB7-259493B952D2}.Debug|Any CPU.Build.0 = Debug|Any CPU
		{B3F0CD80-2534-42CF-BCB7-259493B952D2}.Release|Any CPU.ActiveCfg = Release|Any CPU
		{B3F0CD80-2534-42CF-BCB7-259493B952D2}.Release|Any CPU.Build.0 = Release|Any CPU
	EndGlobalSection
	GlobalSection(SolutionProperties) = preSolution
		HideSolutionNode = FALSE
	EndGlobalSection
EndGlobal
